
Microsoft Visual Studio Solution File, Format Version 12.00
# Visual Studio Version 16
VisualStudioVersion = 16.0.31911.196
MinimumVisualStudioVersion = 10.0.40219.1
Project("{9A19103F-16F7-4668-BE54-9A1E7A4F7556}") = "CareersList.WebApi", "CareersList.WebApi\CareersList.WebApi.csproj", "{35326BA2-9E67-4F7B-8289-004990689558}"
EndProject
Project("{9A19103F-16F7-4668-BE54-9A1E7A4F7556}") = "CareersList.Core", "CareersList.Core\CareersList.Core.csproj", "{111CA2F3-F6A7-4C54-88D1-D6979C720706}"
EndProject
Global
	GlobalSection(SolutionConfigurationPlatforms) = preSolution
		Debug|Any CPU = Debug|Any CPU
		Release|Any CPU = Release|Any CPU
	EndGlobalSection
	GlobalSection(ProjectConfigurationPlatforms) = postSolution
		{35326BA2-9E67-4F7B-8289-004990689558}.Debug|Any CPU.ActiveCfg = Debug|Any CPU
		{35326BA2-9E67-4F7B-8289-004990689558}.Debug|Any CPU.Build.0 = Debug|Any CPU
		{35326BA2-9E67-4F7B-8289-004990689558}.Release|Any CPU.ActiveCfg = Release|Any CPU
		{35326BA2-9E67-4F7B-8289-004990689558}.Release|Any CPU.Build.0 = Release|Any CPU
		{111CA2F3-F6A7-4C54-88D1-D6979C720706}.Debug|Any CPU.ActiveCfg = Debug|Any CPU
		{111CA2F3-F6A7-4C54-88D1-D6979C720706}.Debug|Any CPU.Build.0 = Debug|Any CPU
		{111CA2F3-F6A7-4C54-88D1-D6979C720706}.Release|Any CPU.ActiveCfg = Release|Any CPU
		{111CA2F3-F6A7-4C54-88D1-D6979C720706}.Release|Any CPU.Build.0 = Release|Any CPU
	EndGlobalSection
	GlobalSection(SolutionProperties) = preSolution
		HideSolutionNode = FALSE
	EndGlobalSection
	GlobalSection(ExtensibilityGlobals) = postSolution
		SolutionGuid = {43059E87-B8ED-469D-A03E-C5C632620991}
	EndGlobalSection
EndGlobal
